# This file is automatically @generated by Cargo.
# It is not intended for manual editing.
version = 3

[[package]]
name = "edc2svd"
version = "0.5.0"
dependencies = [
 "fern",
 "getopts",
 "log",
 "xmltree",
]

[[package]]
name = "fern"
version = "0.6.2"
source = "registry+https://github.com/rust-lang/crates.io-index"
checksum = "d9f0c14694cbd524c8720dd69b0e3179344f04ebb5f90f2e4a440c6ea3b2f1ee"
dependencies = [
 "log",
]

[[package]]
name = "getopts"
version = "0.2.21"
source = "registry+https://github.com/rust-lang/crates.io-index"
checksum = "14dbbfd5c71d70241ecf9e6f13737f7b5ce823821063188d7e46c41d371eebd5"
dependencies = [
 "unicode-width",
]

[[package]]
name = "log"
version = "0.4.20"
source = "registry+https://github.com/rust-lang/crates.io-index"
checksum = "b5e6163cb8c49088c2c36f57875e58ccd8c87c7427f7fbd50ea6710b2f3f2e8f"

[[package]]
name = "unicode-width"
version = "0.1.11"
source = "registry+https://github.com/rust-lang/crates.io-index"
checksum = "e51733f11c9c4f72aa0c160008246859e340b00807569a0da0e7a1079b27ba85"

[[package]]
name = "xml-rs"
version = "0.8.19"
source = "registry+https://github.com/rust-lang/crates.io-index"
checksum = "0fcb9cbac069e033553e8bb871be2fbdffcab578eb25bd0f7c508cedc6dcd75a"

[[package]]
name = "xmltree"
version = "0.10.3"
source = "registry+https://github.com/rust-lang/crates.io-index"
checksum = "d7d8a75eaf6557bb84a65ace8609883db44a29951042ada9b393151532e41fcb"
dependencies = [
 "xml-rs",
]
